
Microsoft Visual Studio Solution File, Format Version 12.00
# Visual Studio Version 17
VisualStudioVersion = 17.7.34031.279
MinimumVisualStudioVersion = 10.0.40219.1
Project("{FAE04EC0-301F-11D3-BF4B-00C04F79EFBC}") = "io_Neset_Goktug_Gorukoglu", "io_Neset_Goktug_Gorukoglu\io_Neset_Goktug_Gorukoglu.csproj", "{2A4C116A-1130-4BDD-B3E6-3A479AB43948}"
EndProject
Global
	GlobalSection(SolutionConfigurationPlatforms) = preSolution
		Debug|Any CPU = Debug|Any CPU
		Release|Any CPU = Release|Any CPU
	EndGlobalSection
	GlobalSection(ProjectConfigurationPlatforms) = postSolution
		{2A4C116A-1130-4BDD-B3E6-3A479AB43948}.Debug|Any CPU.ActiveCfg = Debug|Any CPU
		{2A4C116A-1130-4BDD-B3E6-3A479AB43948}.Debug|Any CPU.Build.0 = Debug|Any CPU
		{2A4C116A-1130-4BDD-B3E6-3A479AB43948}.Release|Any CPU.ActiveCfg = Release|Any CPU
		{2A4C116A-1130-4BDD-B3E6-3A479AB43948}.Release|Any CPU.Build.0 = Release|Any CPU
	EndGlobalSection
	GlobalSection(SolutionProperties) = preSolution
		HideSolutionNode = FALSE
	EndGlobalSection
	GlobalSection(ExtensibilityGlobals) = postSolution
		SolutionGuid = {9EA99315-836C-4A4E-8851-DD0AC060C06C}
	EndGlobalSection
EndGlobal
